
Microsoft Visual Studio Solution File, Format Version 12.00
# Visual Studio Version 17
VisualStudioVersion = 17.0.31611.283
MinimumVisualStudioVersion = 10.0.40219.1
Project("{9A19103F-16F7-4668-BE54-9A1E7A4F7556}") = "Finance.Mobile.App", "Finance.Mobile.App.csproj", "{3EBD4FD2-99D1-4E7F-8296-29E970B6919A}"
EndProject
Global
	GlobalSection(SolutionConfigurationPlatforms) = preSolution
		Debug|Any CPU = Debug|Any CPU
		Release|Any CPU = Release|Any CPU
	EndGlobalSection
	GlobalSection(ProjectConfigurationPlatforms) = postSolution
		{3EBD4FD2-99D1-4E7F-8296-29E970B6919A}.Debug|Any CPU.ActiveCfg = Debug|Any CPU
		{3EBD4FD2-99D1-4E7F-8296-29E970B6919A}.Debug|Any CPU.Build.0 = Debug|Any CPU
		{3EBD4FD2-99D1-4E7F-8296-29E970B6919A}.Debug|Any CPU.Deploy.0 = Debug|Any CPU
		{3EBD4FD2-99D1-4E7F-8296-29E970B6919A}.Release|Any CPU.ActiveCfg = Release|Any CPU
		{3EBD4FD2-99D1-4E7F-8296-29E970B6919A}.Release|Any CPU.Build.0 = Release|Any CPU
		{3EBD4FD2-99D1-4E7F-8296-29E970B6919A}.Release|Any CPU.Deploy.0 = Release|Any CPU
	EndGlobalSection
	GlobalSection(SolutionProperties) = preSolution
		HideSolutionNode = FALSE
	EndGlobalSection
	GlobalSection(ExtensibilityGlobals) = postSolution
		SolutionGuid = {61F7FB11-1E47-470C-91E2-47F8143E1572}
	EndGlobalSection
EndGlobal
